// !$*UTF8*$!
{
	archiveVersion = 1;
	classes = {
	};
	objectVersion = 77;
	objects = {

/* Begin PBXBuildFile section */
		089AAEE92CE85E0100873CE8 /* FirstProject Watch App.app in Embed Watch Content */ = {isa = PBXBuildFile; fileRef = 089AAEE82CE85E0100873CE8 /* FirstProject Watch App.app */; settings = {ATTRIBUTES = (RemoveHeadersOnCopy, ); }; };
		089AAF412CE860B400873CE8 /* ComposableArchitecture in Frameworks */ = {isa = PBXBuildFile; productRef = 089AAF402CE860B400873CE8 /* ComposableArchitecture */; };
		08CBB66F2CEDA789005A39CB /* ComposableArchitecture in Frameworks */ = {isa = PBXBuildFile; productRef = 08CBB66E2CEDA789005A39CB /* ComposableArchitecture */; };
/* End PBXBuildFile section */

/* Begin PBXContainerItemProxy section */
		089AAED32CE85E0100873CE8 /* PBXContainerItemProxy */ = {
			isa = PBXContainerItemProxy;
			containerPortal = 089AAEBA2CE85E0000873CE8 /* Project object */;
			proxyType = 1;
			remoteGlobalIDString = 089AAEC12CE85E0000873CE8;
			remoteInfo = FirstProject;
		};
		089AAEDD2CE85E0100873CE8 /* PBXContainerItemProxy */ = {
			isa = PBXContainerItemProxy;
			containerPortal = 089AAEBA2CE85E0000873CE8 /* Project object */;
			proxyType = 1;
			remoteGlobalIDString = 089AAEC12CE85E0000873CE8;
			remoteInfo = FirstProject;
		};
		089AAEEA2CE85E0100873CE8 /* PBXContainerItemProxy */ = {
			isa = PBXContainerItemProxy;
			containerPortal = 089AAEBA2CE85E0000873CE8 /* Project object */;
			proxyType = 1;
			remoteGlobalIDString = 089AAEE72CE85E0100873CE8;
			remoteInfo = "FirstProject Watch App";
		};
		089AAEFB2CE85E0200873CE8 /* PBXContainerItemProxy */ = {
			isa = PBXContainerItemProxy;
			containerPortal = 089AAEBA2CE85E0000873CE8 /* Project object */;
			proxyType = 1;
			remoteGlobalIDString = 089AAEE72CE85E0100873CE8;
			remoteInfo = "FirstProject Watch App";
		};
		089AAF052CE85E0200873CE8 /* PBXContainerItemProxy */ = {
			isa = PBXContainerItemProxy;
			containerPortal = 089AAEBA2CE85E0000873CE8 /* Project object */;
			proxyType = 1;
			remoteGlobalIDString = 089AAEE72CE85E0100873CE8;
			remoteInfo = "FirstProject Watch App";
		};
/* End PBXContainerItemProxy section */

/* Begin PBXCopyFilesBuildPhase section */
		089AAF112CE85E0200873CE8 /* Embed Watch Content */ = {
			isa = PBXCopyFilesBuildPhase;
			buildActionMask = 2147483647;
			dstPath = "$(CONTENTS_FOLDER_PATH)/Watch";
			dstSubfolderSpec = 16;
			files = (
				089AAEE92CE85E0100873CE8 /* FirstProject Watch App.app in Embed Watch Content */,
			);
			name = "Embed Watch Content";
			runOnlyForDeploymentPostprocessing = 0;
		};
/* End PBXCopyFilesBuildPhase section */

/* Begin PBXFileReference section */
		089AAEC22CE85E0000873CE8 /* FirstProject.app */ = {isa = PBXFileReference; explicitFileType = wrapper.application; includeInIndex = 0; path = FirstProject.app; sourceTree = BUILT_PRODUCTS_DIR; };
		089AAED22CE85E0100873CE8 /* FirstProjectTests.xctest */ = {isa = PBXFileReference; explicitFileType = wrapper.cfbundle; includeInIndex = 0; path = FirstProjectTests.xctest; sourceTree = BUILT_PRODUCTS_DIR; };
		089AAEDC2CE85E0100873CE8 /* FirstProjectUITests.xctest */ = {isa = PBXFileReference; explicitFileType = wrapper.cfbundle; includeInIndex = 0; path = FirstProjectUITests.xctest; sourceTree = BUILT_PRODUCTS_DIR; };
		089AAEE82CE85E0100873CE8 /* FirstProject Watch App.app */ = {isa = PBXFileReference; explicitFileType = wrapper.application; includeInIndex = 0; path = "FirstProject Watch App.app"; sourceTree = BUILT_PRODUCTS_DIR; };
		089AAEFA2CE85E0200873CE8 /* FirstProject Watch AppTests.xctest */ = {isa = PBXFileReference; explicitFileType = wrapper.cfbundle; includeInIndex = 0; path = "FirstProject Watch AppTests.xctest"; sourceTree = BUILT_PRODUCTS_DIR; };
		089AAF042CE85E0200873CE8 /* FirstProject Watch AppUITests.xctest */ = {isa = PBXFileReference; explicitFileType = wrapper.cfbundle; includeInIndex = 0; path = "FirstProject Watch AppUITests.xctest"; sourceTree = BUILT_PRODUCTS_DIR; };
/* End PBXFileReference section */

/* Begin PBXFileSystemSynchronizedBuildFileExceptionSet section */
		089AAF432CE8685400873CE8 /* Exceptions for "FirstProject" folder in "FirstProject" target */ = {
			isa = PBXFileSystemSynchronizedBuildFileExceptionSet;
			membershipExceptions = (
				Info.plist,
			);
			target = 089AAEC12CE85E0000873CE8 /* FirstProject */;
		};
/* End PBXFileSystemSynchronizedBuildFileExceptionSet section */

/* Begin PBXFileSystemSynchronizedRootGroup section */
		089AAEC42CE85E0000873CE8 /* FirstProject */ = {
			isa = PBXFileSystemSynchronizedRootGroup;
			exceptions = (
				089AAF432CE8685400873CE8 /* Exceptions for "FirstProject" folder in "FirstProject" target */,
			);
			path = FirstProject;
			sourceTree = "<group>";
		};
		089AAED52CE85E0100873CE8 /* FirstProjectTests */ = {
			isa = PBXFileSystemSynchronizedRootGroup;
			path = FirstProjectTests;
			sourceTree = "<group>";
		};
		089AAEDF2CE85E0100873CE8 /* FirstProjectUITests */ = {
			isa = PBXFileSystemSynchronizedRootGroup;
			path = FirstProjectUITests;
			sourceTree = "<group>";
		};
		089AAEEC2CE85E0100873CE8 /* FirstProject Watch App */ = {
			isa = PBXFileSystemSynchronizedRootGroup;
			path = "FirstProject Watch App";
			sourceTree = "<group>";
		};
		089AAEFD2CE85E0200873CE8 /* FirstProject Watch AppTests */ = {
			isa = PBXFileSystemSynchronizedRootGroup;
			path = "FirstProject Watch AppTests";
			sourceTree = "<group>";
		};
		089AAF072CE85E0200873CE8 /* FirstProject Watch AppUITests */ = {
			isa = PBXFileSystemSynchronizedRootGroup;
			path = "FirstProject Watch AppUITests";
			sourceTree = "<group>";
		};
/* End PBXFileSystemSynchronizedRootGroup section */

/* Begin PBXFrameworksBuildPhase section */
		089AAEBF2CE85E0000873CE8 /* Frameworks */ = {
			isa = PBXFrameworksBuildPhase;
			buildActionMask = 2147483647;
			files = (
				089AAF412CE860B400873CE8 /* ComposableArchitecture in Frameworks */,
			);
			runOnlyForDeploymentPostprocessing = 0;
		};
		089AAECF2CE85E0100873CE8 /* Frameworks */ = {
			isa = PBXFrameworksBuildPhase;
			buildActionMask = 2147483647;
			files = (
				08CBB66F2CEDA789005A39CB /* ComposableArchitecture in Frameworks */,
			);
			runOnlyForDeploymentPostprocessing = 0;
		};
		089AAED92CE85E0100873CE8 /* Frameworks */ = {
			isa = PBXFrameworksBuildPhase;
			buildActionMask = 2147483647;
			files = (
			);
			runOnlyForDeploymentPostprocessing = 0;
		};
		089AAEE52CE85E0100873CE8 /* Frameworks */ = {
			isa = PBXFrameworksBuildPhase;
			buildActionMask = 2147483647;
			files = (
			);
			runOnlyForDeploymentPostprocessing = 0;
		};
		089AAEF72CE85E0200873CE8 /* Frameworks */ = {
			isa = PBXFrameworksBuildPhase;
			buildActionMask = 2147483647;
			files = (
			);
			runOnlyForDeploymentPostprocessing = 0;
		};
		089AAF012CE85E0200873CE8 /* Frameworks */ = {
			isa = PBXFrameworksBuildPhase;
			buildActionMask = 2147483647;
			files = (
			);
			runOnlyForDeploymentPostprocessing = 0;
		};
/* End PBXFrameworksBuildPhase section */

/* Begin PBXGroup section */
		089AAEB92CE85E0000873CE8 = {
			isa = PBXGroup;
			children = (
				089AAEC42CE85E0000873CE8 /* FirstProject */,
				089AAED52CE85E0100873CE8 /* FirstProjectTests */,
				089AAEDF2CE85E0100873CE8 /* FirstProjectUITests */,
				089AAEEC2CE85E0100873CE8 /* FirstProject Watch App */,
				089AAEFD2CE85E0200873CE8 /* FirstProject Watch AppTests */,
				089AAF072CE85E0200873CE8 /* FirstProject Watch AppUITests */,
				08CBB66D2CEDA789005A39CB /* Frameworks */,
				089AAEC32CE85E0000873CE8 /* Products */,
			);
			sourceTree = "<group>";
		};
		089AAEC32CE85E0000873CE8 /* Products */ = {
			isa = PBXGroup;
			children = (
				089AAEC22CE85E0000873CE8 /* FirstProject.app */,
				089AAED22CE85E0100873CE8 /* FirstProjectTests.xctest */,
				089AAEDC2CE85E0100873CE8 /* FirstProjectUITests.xctest */,
				089AAEE82CE85E0100873CE8 /* FirstProject Watch App.app */,
				089AAEFA2CE85E0200873CE8 /* FirstProject Watch AppTests.xctest */,
				089AAF042CE85E0200873CE8 /* FirstProject Watch AppUITests.xctest */,
			);
			name = Products;
			sourceTree = "<group>";
		};
		08CBB66D2CEDA789005A39CB /* Frameworks */ = {
			isa = PBXGroup;
			children = (
			);
			name = Frameworks;
			sourceTree = "<group>";
		};
/* End PBXGroup section */

/* Begin PBXNativeTarget section */
		089AAEC12CE85E0000873CE8 /* FirstProject */ = {
			isa = PBXNativeTarget;
			buildConfigurationList = 089AAF122CE85E0200873CE8 /* Build configuration list for PBXNativeTarget "FirstProject" */;
			buildPhases = (
				089AAEBE2CE85E0000873CE8 /* Sources */,
				089AAEBF2CE85E0000873CE8 /* Frameworks */,
				089AAEC02CE85E0000873CE8 /* Resources */,
				089AAF112CE85E0200873CE8 /* Embed Watch Content */,
			);
			buildRules = (
			);
			dependencies = (
				089AAEEB2CE85E0100873CE8 /* PBXTargetDependency */,
			);
			fileSystemSynchronizedGroups = (
				089AAEC42CE85E0000873CE8 /* FirstProject */,
			);
			name = FirstProject;
			packageProductDependencies = (
				089AAF402CE860B400873CE8 /* ComposableArchitecture */,
			);
			productName = FirstProject;
			productReference = 089AAEC22CE85E0000873CE8 /* FirstProject.app */;
			productType = "com.apple.product-type.application";
		};
		089AAED12CE85E0100873CE8 /* FirstProjectTests */ = {
			isa = PBXNativeTarget;
			buildConfigurationList = 089AAF152CE85E0200873CE8 /* Build configuration list for PBXNativeTarget "FirstProjectTests" */;
			buildPhases = (
				089AAECE2CE85E0100873CE8 /* Sources */,
				089AAECF2CE85E0100873CE8 /* Frameworks */,
				089AAED02CE85E0100873CE8 /* Resources */,
			);
			buildRules = (
			);
			dependencies = (
				089AAED42CE85E0100873CE8 /* PBXTargetDependency */,
			);
			fileSystemSynchronizedGroups = (
				089AAED52CE85E0100873CE8 /* FirstProjectTests */,
			);
			name = FirstProjectTests;
			packageProductDependencies = (
				08CBB66E2CEDA789005A39CB /* ComposableArchitecture */,
			);
			productName = FirstProjectTests;
			productReference = 089AAED22CE85E0100873CE8 /* FirstProjectTests.xctest */;
			productType = "com.apple.product-type.bundle.unit-test";
		};
		089AAEDB2CE85E0100873CE8 /* FirstProjectUITests */ = {
			isa = PBXNativeTarget;
			buildConfigurationList = 089AAF182CE85E0200873CE8 /* Build configuration list for PBXNativeTarget "FirstProjectUITests" */;
			buildPhases = (
				089AAED82CE85E0100873CE8 /* Sources */,
				089AAED92CE85E0100873CE8 /* Frameworks */,
				089AAEDA2CE85E0100873CE8 /* Resources */,
			);
			buildRules = (
			);
			dependencies = (
				089AAEDE2CE85E0100873CE8 /* PBXTargetDependency */,
			);
			fileSystemSynchronizedGroups = (
				089AAEDF2CE85E0100873CE8 /* FirstProjectUITests */,
			);
			name = FirstProjectUITests;
			packageProductDependencies = (
			);
			productName = FirstProjectUITests;
			productReference = 089AAEDC2CE85E0100873CE8 /* FirstProjectUITests.xctest */;
			productType = "com.apple.product-type.bundle.ui-testing";
		};
		089AAEE72CE85E0100873CE8 /* FirstProject Watch App */ = {
			isa = PBXNativeTarget;
			buildConfigurationList = 089AAF0E2CE85E0200873CE8 /* Build configuration list for PBXNativeTarget "FirstProject Watch App" */;
			buildPhases = (
				089AAEE42CE85E0100873CE8 /* Sources */,
				089AAEE52CE85E0100873CE8 /* Frameworks */,
				089AAEE62CE85E0100873CE8 /* Resources */,
			);
			buildRules = (
			);
			dependencies = (
			);
			fileSystemSynchronizedGroups = (
				089AAEEC2CE85E0100873CE8 /* FirstProject Watch App */,
			);
			name = "FirstProject Watch App";
			packageProductDependencies = (
			);
			productName = "FirstProject Watch App";
			productReference = 089AAEE82CE85E0100873CE8 /* FirstProject Watch App.app */;
			productType = "com.apple.product-type.application";
		};
		089AAEF92CE85E0200873CE8 /* FirstProject Watch AppTests */ = {
			isa = PBXNativeTarget;
			buildConfigurationList = 089AAF1B2CE85E0200873CE8 /* Build configuration list for PBXNativeTarget "FirstProject Watch AppTests" */;
			buildPhases = (
				089AAEF62CE85E0200873CE8 /* Sources */,
				089AAEF72CE85E0200873CE8 /* Frameworks */,
				089AAEF82CE85E0200873CE8 /* Resources */,
			);
			buildRules = (
			);
			dependencies = (
				089AAEFC2CE85E0200873CE8 /* PBXTargetDependency */,
			);
			fileSystemSynchronizedGroups = (
				089AAEFD2CE85E0200873CE8 /* FirstProject Watch AppTests */,
			);
			name = "FirstProject Watch AppTests";
			packageProductDependencies = (
			);
			productName = "FirstProject Watch AppTests";
			productReference = 089AAEFA2CE85E0200873CE8 /* FirstProject Watch AppTests.xctest */;
			productType = "com.apple.product-type.bundle.unit-test";
		};
		089AAF032CE85E0200873CE8 /* FirstProject Watch AppUITests */ = {
			isa = PBXNativeTarget;
			buildConfigurationList = 089AAF1E2CE85E0200873CE8 /* Build configuration list for PBXNativeTarget "FirstProject Watch AppUITests" */;
			buildPhases = (
				089AAF002CE85E0200873CE8 /* Sources */,
				089AAF012CE85E0200873CE8 /* Frameworks */,
				089AAF022CE85E0200873CE8 /* Resources */,
			);
			buildRules = (
			);
			dependencies = (
				089AAF062CE85E0200873CE8 /* PBXTargetDependency */,
			);
			fileSystemSynchronizedGroups = (
				089AAF072CE85E0200873CE8 /* FirstProject Watch AppUITests */,
			);
			name = "FirstProject Watch AppUITests";
			packageProductDependencies = (
			);
			productName = "FirstProject Watch AppUITests";
			productReference = 089AAF042CE85E0200873CE8 /* FirstProject Watch AppUITests.xctest */;
			productType = "com.apple.product-type.bundle.ui-testing";
		};
/* End PBXNativeTarget section */

/* Begin PBXProject section */
		089AAEBA2CE85E0000873CE8 /* Project object */ = {
			isa = PBXProject;
			attributes = {
				BuildIndependentTargetsInParallel = 1;
				LastSwiftUpdateCheck = 1600;
				LastUpgradeCheck = 1600;
				TargetAttributes = {
					089AAEC12CE85E0000873CE8 = {
						CreatedOnToolsVersion = 16.0;
					};
					089AAED12CE85E0100873CE8 = {
						CreatedOnToolsVersion = 16.0;
						TestTargetID = 089AAEC12CE85E0000873CE8;
					};
					089AAEDB2CE85E0100873CE8 = {
						CreatedOnToolsVersion = 16.0;
						TestTargetID = 089AAEC12CE85E0000873CE8;
					};
					089AAEE72CE85E0100873CE8 = {
						CreatedOnToolsVersion = 16.0;
					};
					089AAEF92CE85E0200873CE8 = {
						CreatedOnToolsVersion = 16.0;
						TestTargetID = 089AAEE72CE85E0100873CE8;
					};
					089AAF032CE85E0200873CE8 = {
						CreatedOnToolsVersion = 16.0;
						TestTargetID = 089AAEE72CE85E0100873CE8;
					};
				};
			};
			buildConfigurationList = 089AAEBD2CE85E0000873CE8 /* Build configuration list for PBXProject "FirstProject" */;
			developmentRegion = en;
			hasScannedForEncodings = 0;
			knownRegions = (
				en,
				Base,
			);
			mainGroup = 089AAEB92CE85E0000873CE8;
			minimizedProjectReferenceProxies = 1;
			packageReferences = (
				089AAF3F2CE860B400873CE8 /* XCRemoteSwiftPackageReference "swift-composable-architecture" */,
			);
			preferredProjectObjectVersion = 77;
			productRefGroup = 089AAEC32CE85E0000873CE8 /* Products */;
			projectDirPath = "";
			projectRoot = "";
			targets = (
				089AAEC12CE85E0000873CE8 /* FirstProject */,
				089AAED12CE85E0100873CE8 /* FirstProjectTests */,
				089AAEDB2CE85E0100873CE8 /* FirstProjectUITests */,
				089AAEE72CE85E0100873CE8 /* FirstProject Watch App */,
				089AAEF92CE85E0200873CE8 /* FirstProject Watch AppTests */,
				089AAF032CE85E0200873CE8 /* FirstProject Watch AppUITests */,
			);
		};
/* End PBXProject section */

/* Begin PBXResourcesBuildPhase section */
		089AAEC02CE85E0000873CE8 /* Resources */ = {
			isa = PBXResourcesBuildPhase;
			buildActionMask = 2147483647;
			files = (
			);
			runOnlyForDeploymentPostprocessing = 0;
		};
		089AAED02CE85E0100873CE8 /* Resources */ = {
			isa = PBXResourcesBuildPhase;
			buildActionMask = 2147483647;
			files = (
			);
			runOnlyForDeploymentPostprocessing = 0;
		};
		089AAEDA2CE85E0100873CE8 /* Resources */ = {
			isa = PBXResourcesBuildPhase;
			buildActionMask = 2147483647;
			files = (
			);
			runOnlyForDeploymentPostprocessing = 0;
		};
		089AAEE62CE85E0100873CE8 /* Resources */ = {
			isa = PBXResourcesBuildPhase;
			buildActionMask = 2147483647;
			files = (
			);
			runOnlyForDeploymentPostprocessing = 0;
		};
		089AAEF82CE85E0200873CE8 /* Resources */ = {
			isa = PBXResourcesBuildPhase;
			buildActionMask = 2147483647;
			files = (
			);
			runOnlyForDeploymentPostprocessing = 0;
		};
		089AAF022CE85E0200873CE8 /* Resources */ = {
			isa = PBXResourcesBuildPhase;
			buildActionMask = 2147483647;
			files = (
			);
			runOnlyForDeploymentPostprocessing = 0;
		};
/* End PBXResourcesBuildPhase section */

/* Begin PBXSourcesBuildPhase section */
		089AAEBE2CE85E0000873CE8 /* Sources */ = {
			isa = PBXSourcesBuildPhase;
			buildActionMask = 2147483647;
			files = (
			);
			runOnlyForDeploymentPostprocessing = 0;
		};
		089AAECE2CE85E0100873CE8 /* Sources */ = {
			isa = PBXSourcesBuildPhase;
			buildActionMask = 2147483647;
			files = (
			);
			runOnlyForDeploymentPostprocessing = 0;
		};
		089AAED82CE85E0100873CE8 /* Sources */ = {
			isa = PBXSourcesBuildPhase;
			buildActionMask = 2147483647;
			files = (
			);
			runOnlyForDeploymentPostprocessing = 0;
		};
		089AAEE42CE85E0100873CE8 /* Sources */ = {
			isa = PBXSourcesBuildPhase;
			buildActionMask = 2147483647;
			files = (
			);
			runOnlyForDeploymentPostprocessing = 0;
		};
		089AAEF62CE85E0200873CE8 /* Sources */ = {
			isa = PBXSourcesBuildPhase;
			buildActionMask = 2147483647;
			files = (
			);
			runOnlyForDeploymentPostprocessing = 0;
		};
		089AAF002CE85E0200873CE8 /* Sources */ = {
			isa = PBXSourcesBuildPhase;
			buildActionMask = 2147483647;
			files = (
			);
			runOnlyForDeploymentPostprocessing = 0;
		};
/* End PBXSourcesBuildPhase section */

/* Begin PBXTargetDependency section */
		089AAED42CE85E0100873CE8 /* PBXTargetDependency */ = {
			isa = PBXTargetDependency;
			target = 089AAEC12CE85E0000873CE8 /* FirstProject */;
			targetProxy = 089AAED32CE85E0100873CE8 /* PBXContainerItemProxy */;
		};
		089AAEDE2CE85E0100873CE8 /* PBXTargetDependency */ = {
			isa = PBXTargetDependency;
			target = 089AAEC12CE85E0000873CE8 /* FirstProject */;
			targetProxy = 089AAEDD2CE85E0100873CE8 /* PBXContainerItemProxy */;
		};
		089AAEEB2CE85E0100873CE8 /* PBXTargetDependency */ = {
			isa = PBXTargetDependency;
			target = 089AAEE72CE85E0100873CE8 /* FirstProject Watch App */;
			targetProxy = 089AAEEA2CE85E0100873CE8 /* PBXContainerItemProxy */;
		};
		089AAEFC2CE85E0200873CE8 /* PBXTargetDependency */ = {
			isa = PBXTargetDependency;
			target = 089AAEE72CE85E0100873CE8 /* FirstProject Watch App */;
			targetProxy = 089AAEFB2CE85E0200873CE8 /* PBXContainerItemProxy */;
		};
		089AAF062CE85E0200873CE8 /* PBXTargetDependency */ = {
			isa = PBXTargetDependency;
			target = 089AAEE72CE85E0100873CE8 /* FirstProject Watch App */;
			targetProxy = 089AAF052CE85E0200873CE8 /* PBXContainerItemProxy */;
		};
/* End PBXTargetDependency section */

/* Begin XCBuildConfiguration section */
		089AAF0C2CE85E0200873CE8 /* Debug */ = {
			isa = XCBuildConfiguration;
			buildSettings = {
				ALWAYS_SEARCH_USER_PATHS = NO;
				ASSETCATALOG_COMPILER_GENERATE_SWIFT_ASSET_SYMBOL_EXTENSIONS = YES;
				CLANG_ANALYZER_NONNULL = YES;
				CLANG_ANALYZER_NUMBER_OBJECT_CONVERSION = YES_AGGRESSIVE;
				CLANG_CXX_LANGUAGE_STANDARD = "gnu++20";
				CLANG_ENABLE_MODULES = YES;
				CLANG_ENABLE_OBJC_ARC = YES;
				CLANG_ENABLE_OBJC_WEAK = YES;
				CLANG_WARN_BLOCK_CAPTURE_AUTORELEASING = YES;
				CLANG_WARN_BOOL_CONVERSION = YES;
				CLANG_WARN_COMMA = YES;
				CLANG_WARN_CONSTANT_CONVERSION = YES;
				CLANG_WARN_DEPRECATED_OBJC_IMPLEMENTATIONS = YES;
				CLANG_WARN_DIRECT_OBJC_ISA_USAGE = YES_ERROR;
				CLANG_WARN_DOCUMENTATION_COMMENTS = YES;
				CLANG_WARN_EMPTY_BODY = YES;
				CLANG_WARN_ENUM_CONVERSION = YES;
				CLANG_WARN_INFINITE_RECURSION = YES;
				CLANG_WARN_INT_CONVERSION = YES;
				CLANG_WARN_NON_LITERAL_NULL_CONVERSION = YES;
				CLANG_WARN_OBJC_IMPLICIT_RETAIN_SELF = YES;
				CLANG_WARN_OBJC_LITERAL_CONVERSION = YES;
				CLANG_WARN_OBJC_ROOT_CLASS = YES_ERROR;
				CLANG_WARN_QUOTED_INCLUDE_IN_FRAMEWORK_HEADER = YES;
				CLANG_WARN_RANGE_LOOP_ANALYSIS = YES;
				CLANG_WARN_STRICT_PROTOTYPES = YES;
				CLANG_WARN_SUSPICIOUS_MOVE = YES;
				CLANG_WARN_UNGUARDED_AVAILABILITY = YES_AGGRESSIVE;
				CLANG_WARN_UNREACHABLE_CODE = YES;
				CLANG_WARN__DUPLICATE_METHOD_MATCH = YES;
				COPY_PHASE_STRIP = NO;
				DEBUG_INFORMATION_FORMAT = dwarf;
				ENABLE_STRICT_OBJC_MSGSEND = YES;
				ENABLE_TESTABILITY = YES;
				ENABLE_USER_SCRIPT_SANDBOXING = YES;
				GCC_C_LANGUAGE_STANDARD = gnu17;
				GCC_DYNAMIC_NO_PIC = NO;
				GCC_NO_COMMON_BLOCKS = YES;
				GCC_OPTIMIZATION_LEVEL = 0;
				GCC_PREPROCESSOR_DEFINITIONS = (
					"DEBUG=1",
					"$(inherited)",
				);
				GCC_WARN_64_TO_32_BIT_CONVERSION = YES;
				GCC_WARN_ABOUT_RETURN_TYPE = YES_ERROR;
				GCC_WARN_UNDECLARED_SELECTOR = YES;
				GCC_WARN_UNINITIALIZED_AUTOS = YES_AGGRESSIVE;
				GCC_WARN_UNUSED_FUNCTION = YES;
				GCC_WARN_UNUSED_VARIABLE = YES;
				LOCALIZATION_PREFERS_STRING_CATALOGS = YES;
				MTL_ENABLE_DEBUG_INFO = INCLUDE_SOURCE;
				MTL_FAST_MATH = YES;
				ONLY_ACTIVE_ARCH = YES;
				SWIFT_ACTIVE_COMPILATION_CONDITIONS = "DEBUG $(inherited)";
				SWIFT_OPTIMIZATION_LEVEL = "-Onone";
			};
			name = Debug;
		};
		089AAF0D2CE85E0200873CE8 /* Release */ = {
			isa = XCBuildConfiguration;
			buildSettings = {
				ALWAYS_SEARCH_USER_PATHS = NO;
				ASSETCATALOG_COMPILER_GENERATE_SWIFT_ASSET_SYMBOL_EXTENSIONS = YES;
				CLANG_ANALYZER_NONNULL = YES;
				CLANG_ANALYZER_NUMBER_OBJECT_CONVERSION = YES_AGGRESSIVE;
				CLANG_CXX_LANGUAGE_STANDARD = "gnu++20";
				CLANG_ENABLE_MODULES = YES;
				CLANG_ENABLE_OBJC_ARC = YES;
				CLANG_ENABLE_OBJC_WEAK = YES;
				CLANG_WARN_BLOCK_CAPTURE_AUTORELEASING = YES;
				CLANG_WARN_BOOL_CONVERSION = YES;
				CLANG_WARN_COMMA = YES;
				CLANG_WARN_CONSTANT_CONVERSION = YES;
				CLANG_WARN_DEPRECATED_OBJC_IMPLEMENTATIONS = YES;
				CLANG_WARN_DIRECT_OBJC_ISA_USAGE = YES_ERROR;
				CLANG_WARN_DOCUMENTATION_COMMENTS = YES;
				CLANG_WARN_EMPTY_BODY = YES;
				CLANG_WARN_ENUM_CONVERSION = YES;
				CLANG_WARN_INFINITE_RECURSION = YES;
				CLANG_WARN_INT_CONVERSION = YES;
				CLANG_WARN_NON_LITERAL_NULL_CONVERSION = YES;
				CLANG_WARN_OBJC_IMPLICIT_RETAIN_SELF = YES;
				CLANG_WARN_OBJC_LITERAL_CONVERSION = YES;
				CLANG_WARN_OBJC_ROOT_CLASS = YES_ERROR;
				CLANG_WARN_QUOTED_INCLUDE_IN_FRAMEWORK_HEADER = YES;
				CLANG_WARN_RANGE_LOOP_ANALYSIS = YES;
				CLANG_WARN_STRICT_PROTOTYPES = YES;
				CLANG_WARN_SUSPICIOUS_MOVE = YES;
				CLANG_WARN_UNGUARDED_AVAILABILITY = YES_AGGRESSIVE;
				CLANG_WARN_UNREACHABLE_CODE = YES;
				CLANG_WARN__DUPLICATE_METHOD_MATCH = YES;
				COPY_PHASE_STRIP = NO;
				DEBUG_INFORMATION_FORMAT = "dwarf-with-dsym";
				ENABLE_NS_ASSERTIONS = NO;
				ENABLE_STRICT_OBJC_MSGSEND = YES;
				ENABLE_USER_SCRIPT_SANDBOXING = YES;
				GCC_C_LANGUAGE_STANDARD = gnu17;
				GCC_NO_COMMON_BLOCKS = YES;
				GCC_WARN_64_TO_32_BIT_CONVERSION = YES;
				GCC_WARN_ABOUT_RETURN_TYPE = YES_ERROR;
				GCC_WARN_UNDECLARED_SELECTOR = YES;
				GCC_WARN_UNINITIALIZED_AUTOS = YES_AGGRESSIVE;
				GCC_WARN_UNUSED_FUNCTION = YES;
				GCC_WARN_UNUSED_VARIABLE = YES;
				LOCALIZATION_PREFERS_STRING_CATALOGS = YES;
				MTL_ENABLE_DEBUG_INFO = NO;
				MTL_FAST_MATH = YES;
				SWIFT_COMPILATION_MODE = wholemodule;
			};
			name = Release;
		};
		089AAF0F2CE85E0200873CE8 /* Debug */ = {
			isa = XCBuildConfiguration;
			buildSettings = {
				ASSETCATALOG_COMPILER_APPICON_NAME = AppIcon;
				ASSETCATALOG_COMPILER_GLOBAL_ACCENT_COLOR_NAME = AccentColor;
				CODE_SIGN_STYLE = Automatic;
				CURRENT_PROJECT_VERSION = 1;
				DEVELOPMENT_ASSET_PATHS = "\"FirstProject Watch App/Preview Content\"";
				DEVELOPMENT_TEAM = M9L3SZ4ZVY;
				ENABLE_PREVIEWS = YES;
				GENERATE_INFOPLIST_FILE = YES;
				INFOPLIST_KEY_CFBundleDisplayName = FirstProject;
				INFOPLIST_KEY_UISupportedInterfaceOrientations = "UIInterfaceOrientationPortrait UIInterfaceOrientationPortraitUpsideDown";
				INFOPLIST_KEY_WKCompanionAppBundleIdentifier = digital.rupp.FirstProject;
				LD_RUNPATH_SEARCH_PATHS = (
					"$(inherited)",
					"@executable_path/Frameworks",
				);
				MARKETING_VERSION = 1.0;
				PRODUCT_BUNDLE_IDENTIFIER = digital.rupp.FirstProject.watchkitapp;
				PRODUCT_NAME = "$(TARGET_NAME)";
				SDKROOT = watchos;
				SKIP_INSTALL = YES;
				SWIFT_EMIT_LOC_STRINGS = YES;
				SWIFT_VERSION = 5.0;
				TARGETED_DEVICE_FAMILY = 4;
				WATCHOS_DEPLOYMENT_TARGET = 11.0;
			};
			name = Debug;
		};
		089AAF102CE85E0200873CE8 /* Release */ = {
			isa = XCBuildConfiguration;
			buildSettings = {
				ASSETCATALOG_COMPILER_APPICON_NAME = AppIcon;
				ASSETCATALOG_COMPILER_GLOBAL_ACCENT_COLOR_NAME = AccentColor;
				CODE_SIGN_STYLE = Automatic;
				CURRENT_PROJECT_VERSION = 1;
				DEVELOPMENT_ASSET_PATHS = "\"FirstProject Watch App/Preview Content\"";
				DEVELOPMENT_TEAM = M9L3SZ4ZVY;
				ENABLE_PREVIEWS = YES;
				GENERATE_INFOPLIST_FILE = YES;
				INFOPLIST_KEY_CFBundleDisplayName = FirstProject;
				INFOPLIST_KEY_UISupportedInterfaceOrientations = "UIInterfaceOrientationPortrait UIInterfaceOrientationPortraitUpsideDown";
				INFOPLIST_KEY_WKCompanionAppBundleIdentifier = digital.rupp.FirstProject;
				LD_RUNPATH_SEARCH_PATHS = (
					"$(inherited)",
					"@executable_path/Frameworks",
				);
				MARKETING_VERSION = 1.0;
				PRODUCT_BUNDLE_IDENTIFIER = digital.rupp.FirstProject.watchkitapp;
				PRODUCT_NAME = "$(TARGET_NAME)";
				SDKROOT = watchos;
				SKIP_INSTALL = YES;
				SWIFT_EMIT_LOC_STRINGS = YES;
				SWIFT_VERSION = 5.0;
				TARGETED_DEVICE_FAMILY = 4;
				VALIDATE_PRODUCT = YES;
				WATCHOS_DEPLOYMENT_TARGET = 11.0;
			};
			name = Release;
		};
		089AAF132CE85E0200873CE8 /* Debug */ = {
			isa = XCBuildConfiguration;
			buildSettings = {
				ASSETCATALOG_COMPILER_APPICON_NAME = AppIcon;
				ASSETCATALOG_COMPILER_GLOBAL_ACCENT_COLOR_NAME = AccentColor;
				CODE_SIGN_STYLE = Automatic;
				CURRENT_PROJECT_VERSION = 1;
				DEVELOPMENT_ASSET_PATHS = "\"FirstProject/Preview Content\"";
				DEVELOPMENT_TEAM = M9L3SZ4ZVY;
				ENABLE_PREVIEWS = YES;
				GENERATE_INFOPLIST_FILE = YES;
				INFOPLIST_FILE = FirstProject/Info.plist;
				INFOPLIST_KEY_CFBundleDisplayName = FirstProject;
				INFOPLIST_KEY_UIApplicationSceneManifest_Generation = YES;
				INFOPLIST_KEY_UIApplicationSupportsIndirectInputEvents = YES;
				INFOPLIST_KEY_UILaunchScreen_Generation = YES;
				INFOPLIST_KEY_UISupportedInterfaceOrientations_iPad = "UIInterfaceOrientationPortrait UIInterfaceOrientationPortraitUpsideDown UIInterfaceOrientationLandscapeLeft UIInterfaceOrientationLandscapeRight";
				INFOPLIST_KEY_UISupportedInterfaceOrientations_iPhone = "UIInterfaceOrientationPortrait UIInterfaceOrientationLandscapeLeft UIInterfaceOrientationLandscapeRight";
				IPHONEOS_DEPLOYMENT_TARGET = 18.0;
				LD_RUNPATH_SEARCH_PATHS = (
					"$(inherited)",
					"@executable_path/Frameworks",
				);
				MARKETING_VERSION = 1.0;
				PRODUCT_BUNDLE_IDENTIFIER = digital.rupp.FirstProject;
				PRODUCT_NAME = "$(TARGET_NAME)";
				SDKROOT = iphoneos;
				SWIFT_EMIT_LOC_STRINGS = YES;
				SWIFT_VERSION = 5.0;
				TARGETED_DEVICE_FAMILY = "1,2";
			};
			name = Debug;
		};
		089AAF142CE85E0200873CE8 /* Release */ = {
			isa = XCBuildConfiguration;
			buildSettings = {
				ASSETCATALOG_COMPILER_APPICON_NAME = AppIcon;
				ASSETCATALOG_COMPILER_GLOBAL_ACCENT_COLOR_NAME = AccentColor;
				CODE_SIGN_STYLE = Automatic;
				CURRENT_PROJECT_VERSION = 1;
				DEVELOPMENT_ASSET_PATHS = "\"FirstProject/Preview Content\"";
				DEVELOPMENT_TEAM = M9L3SZ4ZVY;
				ENABLE_PREVIEWS = YES;
				GENERATE_INFOPLIST_FILE = YES;
				INFOPLIST_FILE = FirstProject/Info.plist;
				INFOPLIST_KEY_CFBundleDisplayName = FirstProject;
				INFOPLIST_KEY_UIApplicationSceneManifest_Generation = YES;
				INFOPLIST_KEY_UIApplicationSupportsIndirectInputEvents = YES;
				INFOPLIST_KEY_UILaunchScreen_Generation = YES;
				INFOPLIST_KEY_UISupportedInterfaceOrientations_iPad = "UIInterfaceOrientationPortrait UIInterfaceOrientationPortraitUpsideDown UIInterfaceOrientationLandscapeLeft UIInterfaceOrientationLandscapeRight";
				INFOPLIST_KEY_UISupportedInterfaceOrientations_iPhone = "UIInterfaceOrientationPortrait UIInterfaceOrientationLandscapeLeft UIInterfaceOrientationLandscapeRight";
				IPHONEOS_DEPLOYMENT_TARGET = 18.0;
				LD_RUNPATH_SEARCH_PATHS = (
					"$(inherited)",
					"@executable_path/Frameworks",
				);
				MARKETING_VERSION = 1.0;
				PRODUCT_BUNDLE_IDENTIFIER = digital.rupp.FirstProject;
				PRODUCT_NAME = "$(TARGET_NAME)";
				SDKROOT = iphoneos;
				SWIFT_EMIT_LOC_STRINGS = YES;
				SWIFT_VERSION = 5.0;
				TARGETED_DEVICE_FAMILY = "1,2";
				VALIDATE_PRODUCT = YES;
			};
			name = Release;
		};
		089AAF162CE85E0200873CE8 /* Debug */ = {
			isa = XCBuildConfiguration;
			buildSettings = {
				BUNDLE_LOADER = "$(TEST_HOST)";
				CODE_SIGN_STYLE = Automatic;
				CURRENT_PROJECT_VERSION = 1;
				DEVELOPMENT_TEAM = M9L3SZ4ZVY;
				GENERATE_INFOPLIST_FILE = YES;
				IPHONEOS_DEPLOYMENT_TARGET = 18.0;
				MARKETING_VERSION = 1.0;
				PRODUCT_BUNDLE_IDENTIFIER = digital.rupp.FirstProjectTests;
				PRODUCT_NAME = "$(TARGET_NAME)";
				SDKROOT = iphoneos;
				SWIFT_EMIT_LOC_STRINGS = NO;
				SWIFT_VERSION = 5.0;
				TARGETED_DEVICE_FAMILY = "1,2";
				TEST_HOST = "$(BUILT_PRODUCTS_DIR)/FirstProject.app/$(BUNDLE_EXECUTABLE_FOLDER_PATH)/FirstProject";
			};
			name = Debug;
		};
		089AAF172CE85E0200873CE8 /* Release */ = {
			isa = XCBuildConfiguration;
			buildSettings = {
				BUNDLE_LOADER = "$(TEST_HOST)";
				CODE_SIGN_STYLE = Automatic;
				CURRENT_PROJECT_VERSION = 1;
				DEVELOPMENT_TEAM = M9L3SZ4ZVY;
				GENERATE_INFOPLIST_FILE = YES;
				IPHONEOS_DEPLOYMENT_TARGET = 18.0;
				MARKETING_VERSION = 1.0;
				PRODUCT_BUNDLE_IDENTIFIER = digital.rupp.FirstProjectTests;
				PRODUCT_NAME = "$(TARGET_NAME)";
				SDKROOT = iphoneos;
				SWIFT_EMIT_LOC_STRINGS = NO;
				SWIFT_VERSION = 5.0;
				TARGETED_DEVICE_FAMILY = "1,2";
				TEST_HOST = "$(BUILT_PRODUCTS_DIR)/FirstProject.app/$(BUNDLE_EXECUTABLE_FOLDER_PATH)/FirstProject";
				VALIDATE_PRODUCT = YES;
			};
			name = Release;
		};
		089AAF192CE85E0200873CE8 /* Debug */ = {
			isa = XCBuildConfiguration;
			buildSettings = {
				CODE_SIGN_STYLE = Automatic;
				CURRENT_PROJECT_VERSION = 1;
				DEVELOPMENT_TEAM = M9L3SZ4ZVY;
				GENERATE_INFOPLIST_FILE = YES;
				IPHONEOS_DEPLOYMENT_TARGET = 18.0;
				MARKETING_VERSION = 1.0;
				PRODUCT_BUNDLE_IDENTIFIER = digital.rupp.FirstProjectUITests;
				PRODUCT_NAME = "$(TARGET_NAME)";
				SDKROOT = iphoneos;
				SWIFT_EMIT_LOC_STRINGS = NO;
				SWIFT_VERSION = 5.0;
				TARGETED_DEVICE_FAMILY = "1,2";
				TEST_TARGET_NAME = FirstProject;
			};
			name = Debug;
		};
		089AAF1A2CE85E0200873CE8 /* Release */ = {
			isa = XCBuildConfiguration;
			buildSettings = {
				CODE_SIGN_STYLE = Automatic;
				CURRENT_PROJECT_VERSION = 1;
				DEVELOPMENT_TEAM = M9L3SZ4ZVY;
				GENERATE_INFOPLIST_FILE = YES;
				IPHONEOS_DEPLOYMENT_TARGET = 18.0;
				MARKETING_VERSION = 1.0;
				PRODUCT_BUNDLE_IDENTIFIER = digital.rupp.FirstProjectUITests;
				PRODUCT_NAME = "$(TARGET_NAME)";
				SDKROOT = iphoneos;
				SWIFT_EMIT_LOC_STRINGS = NO;
				SWIFT_VERSION = 5.0;
				TARGETED_DEVICE_FAMILY = "1,2";
				TEST_TARGET_NAME = FirstProject;
				VALIDATE_PRODUCT = YES;
			};
			name = Release;
		};
		089AAF1C2CE85E0200873CE8 /* Debug */ = {
			isa = XCBuildConfiguration;
			buildSettings = {
				BUNDLE_LOADER = "$(TEST_HOST)";
				CODE_SIGN_STYLE = Automatic;
				CURRENT_PROJECT_VERSION = 1;
				DEVELOPMENT_TEAM = M9L3SZ4ZVY;
				GENERATE_INFOPLIST_FILE = YES;
				MARKETING_VERSION = 1.0;
				PRODUCT_BUNDLE_IDENTIFIER = "digital.rupp.FirstProject-Watch-AppTests";
				PRODUCT_NAME = "$(TARGET_NAME)";
				SDKROOT = watchos;
				SWIFT_EMIT_LOC_STRINGS = NO;
				SWIFT_VERSION = 5.0;
				TARGETED_DEVICE_FAMILY = 4;
				TEST_HOST = "$(BUILT_PRODUCTS_DIR)/FirstProject Watch App.app/$(BUNDLE_EXECUTABLE_FOLDER_PATH)/FirstProject Watch App";
				WATCHOS_DEPLOYMENT_TARGET = 11.0;
			};
			name = Debug;
		};
		089AAF1D2CE85E0200873CE8 /* Release */ = {
			isa = XCBuildConfiguration;
			buildSettings = {
				BUNDLE_LOADER = "$(TEST_HOST)";
				CODE_SIGN_STYLE = Automatic;
				CURRENT_PROJECT_VERSION = 1;
				DEVELOPMENT_TEAM = M9L3SZ4ZVY;
				GENERATE_INFOPLIST_FILE = YES;
				MARKETING_VERSION = 1.0;
				PRODUCT_BUNDLE_IDENTIFIER = "digital.rupp.FirstProject-Watch-AppTests";
				PRODUCT_NAME = "$(TARGET_NAME)";
				SDKROOT = watchos;
				SWIFT_EMIT_LOC_STRINGS = NO;
				SWIFT_VERSION = 5.0;
				TARGETED_DEVICE_FAMILY = 4;
				TEST_HOST = "$(BUILT_PRODUCTS_DIR)/FirstProject Watch App.app/$(BUNDLE_EXECUTABLE_FOLDER_PATH)/FirstProject Watch App";
				VALIDATE_PRODUCT = YES;
				WATCHOS_DEPLOYMENT_TARGET = 11.0;
			};
			name = Release;
		};
		089AAF1F2CE85E0200873CE8 /* Debug */ = {
			isa = XCBuildConfiguration;
			buildSettings = {
				CODE_SIGN_STYLE = Automatic;
				CURRENT_PROJECT_VERSION = 1;
				DEVELOPMENT_TEAM = M9L3SZ4ZVY;
				GENERATE_INFOPLIST_FILE = YES;
				MARKETING_VERSION = 1.0;
				PRODUCT_BUNDLE_IDENTIFIER = "digital.rupp.FirstProject-Watch-AppUITests";
				PRODUCT_NAME = "$(TARGET_NAME)";
				SDKROOT = watchos;
				SWIFT_EMIT_LOC_STRINGS = NO;
				SWIFT_VERSION = 5.0;
				TARGETED_DEVICE_FAMILY = 4;
				TEST_TARGET_NAME = "FirstProject Watch App";
				WATCHOS_DEPLOYMENT_TARGET = 11.0;
			};
			name = Debug;
		};
		089AAF202CE85E0200873CE8 /* Release */ = {
			isa = XCBuildConfiguration;
			buildSettings = {
				CODE_SIGN_STYLE = Automatic;
				CURRENT_PROJECT_VERSION = 1;
				DEVELOPMENT_TEAM = M9L3SZ4ZVY;
				GENERATE_INFOPLIST_FILE = YES;
				MARKETING_VERSION = 1.0;
				PRODUCT_BUNDLE_IDENTIFIER = "digital.rupp.FirstProject-Watch-AppUITests";
				PRODUCT_NAME = "$(TARGET_NAME)";
				SDKROOT = watchos;
				SWIFT_EMIT_LOC_STRINGS = NO;
				SWIFT_VERSION = 5.0;
				TARGETED_DEVICE_FAMILY = 4;
				TEST_TARGET_NAME = "FirstProject Watch App";
				VALIDATE_PRODUCT = YES;
				WATCHOS_DEPLOYMENT_TARGET = 11.0;
			};
			name = Release;
		};
/* End XCBuildConfiguration section */

/* Begin XCConfigurationList section */
		089AAEBD2CE85E0000873CE8 /* Build configuration list for PBXProject "FirstProject" */ = {
			isa = XCConfigurationList;
			buildConfigurations = (
				089AAF0C2CE85E0200873CE8 /* Debug */,
				089AAF0D2CE85E0200873CE8 /* Release */,
			);
			defaultConfigurationIsVisible = 0;
			defaultConfigurationName = Release;
		};
		089AAF0E2CE85E0200873CE8 /* Build configuration list for PBXNativeTarget "FirstProject Watch App" */ = {
			isa = XCConfigurationList;
			buildConfigurations = (
				089AAF0F2CE85E0200873CE8 /* Debug */,
				089AAF102CE85E0200873CE8 /* Release */,
			);
			defaultConfigurationIsVisible = 0;
			defaultConfigurationName = Release;
		};
		089AAF122CE85E0200873CE8 /* Build configuration list for PBXNativeTarget "FirstProject" */ = {
			isa = XCConfigurationList;
			buildConfigurations = (
				089AAF132CE85E0200873CE8 /* Debug */,
				089AAF142CE85E0200873CE8 /* Release */,
			);
			defaultConfigurationIsVisible = 0;
			defaultConfigurationName = Release;
		};
		089AAF152CE85E0200873CE8 /* Build configuration list for PBXNativeTarget "FirstProjectTests" */ = {
			isa = XCConfigurationList;
			buildConfigurations = (
				089AAF162CE85E0200873CE8 /* Debug */,
				089AAF172CE85E0200873CE8 /* Release */,
			);
			defaultConfigurationIsVisible = 0;
			defaultConfigurationName = Release;
		};
		089AAF182CE85E0200873CE8 /* Build configuration list for PBXNativeTarget "FirstProjectUITests" */ = {
			isa = XCConfigurationList;
			buildConfigurations = (
				089AAF192CE85E0200873CE8 /* Debug */,
				089AAF1A2CE85E0200873CE8 /* Release */,
			);
			defaultConfigurationIsVisible = 0;
			defaultConfigurationName = Release;
		};
		089AAF1B2CE85E0200873CE8 /* Build configuration list for PBXNativeTarget "FirstProject Watch AppTests" */ = {
			isa = XCConfigurationList;
			buildConfigurations = (
				089AAF1C2CE85E0200873CE8 /* Debug */,
				089AAF1D2CE85E0200873CE8 /* Release */,
			);
			defaultConfigurationIsVisible = 0;
			defaultConfigurationName = Release;
		};
		089AAF1E2CE85E0200873CE8 /* Build configuration list for PBXNativeTarget "FirstProject Watch AppUITests" */ = {
			isa = XCConfigurationList;
			buildConfigurations = (
				089AAF1F2CE85E0200873CE8 /* Debug */,
				089AAF202CE85E0200873CE8 /* Release */,
			);
			defaultConfigurationIsVisible = 0;
			defaultConfigurationName = Release;
		};
/* End XCConfigurationList section */

/* Begin XCRemoteSwiftPackageReference section */
		089AAF3F2CE860B400873CE8 /* XCRemoteSwiftPackageReference "swift-composable-architecture" */ = {
			isa = XCRemoteSwiftPackageReference;
			repositoryURL = "https://github.com/pointfreeco/swift-composable-architecture";
			requirement = {
				kind = upToNextMajorVersion;
				minimumVersion = 1.16.1;
			};
		};
/* End XCRemoteSwiftPackageReference section */

/* Begin XCSwiftPackageProductDependency section */
		089AAF402CE860B400873CE8 /* ComposableArchitecture */ = {
			isa = XCSwiftPackageProductDependency;
			package = 089AAF3F2CE860B400873CE8 /* XCRemoteSwiftPackageReference "swift-composable-architecture" */;
			productName = ComposableArchitecture;
		};
		08CBB66E2CEDA789005A39CB /* ComposableArchitecture */ = {
			isa = XCSwiftPackageProductDependency;
			package = 089AAF3F2CE860B400873CE8 /* XCRemoteSwiftPackageReference "swift-composable-architecture" */;
			productName = ComposableArchitecture;
		};
/* End XCSwiftPackageProductDependency section */
	};
	rootObject = 089AAEBA2CE85E0000873CE8 /* Project object */;
}
